<?xml version="1.0" encoding="utf-8"?>
<Project ToolsVersion="4.0" xmlns="http://schemas.microsoft.com/developer/msbuild/2003">
  <ItemGroup>
    <Filter Include="Source files">
      <UniqueIdentifier>{2d4947aa-3669-4bc0-8bc5-51c34aeae0d8}</UniqueIdentifier>
      <Extensions>cpp;c;cc;cxx;def;odl;idl;hpj;bat;asm;asmx</Extensions>
    </Filter>
    <Filter Include="Header files">
      <UniqueIdentifier>{71836b7a-c3ef-43d4-b231-08d46d577a0f}</UniqueIdentifier>
      <Extensions>h;hpp;hxx;hm;inl;inc;xsd</Extensions>
    </Filter>
    <Filter Include="Resource files">
      <UniqueIdentifier>{b09fed1b-c037-4bb8-bb69-f0db9396def0}</UniqueIdentifier>
      <Extensions>rc;ico;cur;bmp;dlg;rc2;rct;bin;rgs;gif;jpg;jpeg;jpe;resx;tiff;tif;png;wav</Extensions>
    </Filter>
    <Filter Include="Source files\Startup">
      <UniqueIdentifier>{b9ef5957-b6b7-4f0c-b56a-825d1a4dc8e0}</UniqueIdentifier>
    </Filter>
    <Filter Include="Source files\STM32Cube HAL">
      <UniqueIdentifier>{f2dc8f2f-f6b5-4600-849d-56f9073c085a}</UniqueIdentifier>
    </Filter>
    <Filter Include="Source files\STM32Cube HAL\COMMON">
      <UniqueIdentifier>{65490818-488c-46fc-81bf-502816b13518}</UniqueIdentifier>
    </Filter>
    <Filter Include="Source files\STM32Cube HAL\PCD">
      <UniqueIdentifier>{136a9113-365d-4901-a6bd-d519e42944c9}</UniqueIdentifier>
    </Filter>
    <Filter Include="Source files\STM32Cube HAL\RCC">
      <UniqueIdentifier>{f17b37ec-e5aa-4e35-a94f-b447cddd41e4}</UniqueIdentifier>
    </Filter>
    <Filter Include="Source files\STM32Cube HAL\CORTEX">
      <UniqueIdentifier>{5208843e-222f-4e1a-a1e8-bc7c1f6b82fe}</UniqueIdentifier>
    </Filter>
    <Filter Include="Source files\STM32Cube HAL\TIM">
      <UniqueIdentifier>{3dfa560a-7ac4-494e-a7ab-2e0eee0ebf48}</UniqueIdentifier>
    </Filter>
    <Filter Include="Source files\STM32Cube HAL\DMA">
      <UniqueIdentifier>{ccbfb24e-282c-46fc-b4fc-a6a768bb920c}</UniqueIdentifier>
    </Filter>
    <Filter Include="Source files\STM32Cube HAL\PWR">
      <UniqueIdentifier>{aefeb622-c66a-4a33-a96c-61d2c3c2d95c}</UniqueIdentifier>
    </Filter>
    <Filter Include="Source files\STM32Cube HAL\FLASH">
      <UniqueIdentifier>{96a03888-4b95-446b-ab1d-e68b55ca8e47}</UniqueIdentifier>
    </Filter>
    <Filter Include="Source files\STM32Cube HAL\GPIO">
      <UniqueIdentifier>{f501914b-1229-4767-8bef-17b99d4e60e2}</UniqueIdentifier>
    </Filter>
    <Filter Include="Source files\STM32Cube HAL\USB_DEVICE">
      <UniqueIdentifier>{e838c23f-ee29-4327-8198-6a1dbefd1797}</UniqueIdentifier>
    </Filter>
    <Filter Include="Source files\Device-specific files">
      <UniqueIdentifier>{864277ba-5faf-4e03-b193-34edf744ed9b}</UniqueIdentifier>
    </Filter>
    <Filter Include="Header files\Startup">
      <UniqueIdentifier>{1e3bfbde-91ae-4ff0-a37c-4cf2abda8281}</UniqueIdentifier>
    </Filter>
    <Filter Include="Header files\STM32Cube HAL">
      <UniqueIdentifier>{e9e9bf06-62ca-4336-a1e6-e4e997c26564}</UniqueIdentifier>
    </Filter>
    <Filter Include="Header files\STM32Cube HAL\COMMON">
      <UniqueIdentifier>{3151854a-8336-43c4-8a6c-dec7f7e63a5f}</UniqueIdentifier>
    </Filter>
    <Filter Include="Header files\STM32Cube HAL\PCD">
      <UniqueIdentifier>{22a86421-77d4-46cb-a740-0ea32bb6245e}</UniqueIdentifier>
    </Filter>
    <Filter Include="Header files\STM32Cube HAL\RCC">
      <UniqueIdentifier>{46c3b1c5-43b0-45bf-a1a8-30ccb7264bb0}</UniqueIdentifier>
    </Filter>
    <Filter Include="Header files\STM32Cube HAL\CORTEX">
      <UniqueIdentifier>{4101cbc5-0aa4-4321-a6fe-2527ae62f957}</UniqueIdentifier>
    </Filter>
    <Filter Include="Header files\STM32Cube HAL\TIM">
      <UniqueIdentifier>{798264e5-6ae7-4eb7-b931-138bdaedc095}</UniqueIdentifier>
    </Filter>
    <Filter Include="Header files\STM32Cube HAL\DMA">
      <UniqueIdentifier>{df6cb7e9-ac3b-4545-a697-62c359c53b88}</UniqueIdentifier>
    </Filter>
    <Filter Include="Header files\STM32Cube HAL\PWR">
      <UniqueIdentifier>{82891cd0-1b62-463b-994e-b55cc1834051}</UniqueIdentifier>
    </Filter>
    <Filter Include="Header files\STM32Cube HAL\FLASH">
      <UniqueIdentifier>{54557541-118f-4e03-8c45-7ce83870906f}</UniqueIdentifier>
    </Filter>
    <Filter Include="Header files\STM32Cube HAL\GPIO">
      <UniqueIdentifier>{83e6c935-f9e6-431b-a372-b3f25598902c}</UniqueIdentifier>
    </Filter>
    <Filter Include="Header files\STM32Cube HAL\USB_DEVICE">
      <UniqueIdentifier>{477dca05-1321-4a55-b5db-9dc463004bc5}</UniqueIdentifier>
    </Filter>
    <Filter Include="Header files\Device-specific files">
      <UniqueIdentifier>{e3b75636-12a9-4f80-8574-2c2d741e59f4}</UniqueIdentifier>
    </Filter>
    <Filter Include="VisualGDB settings">
      <UniqueIdentifier>{c29e128c-d298-4989-a764-4a4152199bbe}</UniqueIdentifier>
    </Filter>
    <Filter Include="Header files\rtt">
      <UniqueIdentifier>{e7722251-8f8f-4cb5-9971-f896f7ed4738}</UniqueIdentifier>
    </Filter>
    <Filter Include="Source files\rtt">
      <UniqueIdentifier>{35d7b9c0-e1bc-453c-9b38-fb07624d9c6c}</UniqueIdentifier>
    </Filter>
  </ItemGroup>
  <ItemGroup>
    <ClCompile Include="Src\usb_device.c">
      <Filter>Source files</Filter>
    </ClCompile>
    <ClCompile Include="Src\usbd_conf.c">
      <Filter>Source files</Filter>
    </ClCompile>
    <ClCompile Include="Src\usbd_desc.c">
      <Filter>Source files</Filter>
    </ClCompile>
    <ClCompile Include="Src\usbd_storage_if.c">
      <Filter>Source files</Filter>
    </ClCompile>
    <ClCompile Include="Src\stm32f1xx_it.c">
      <Filter>Source files</Filter>
    </ClCompile>
    <ClCompile Include="Src\stm32f1xx_hal_msp.c">
      <Filter>Source files</Filter>
    </ClCompile>
    <ClCompile Include="Src\stm32f1xx_hal_timebase_TIM.c">
      <Filter>Source files</Filter>
    </ClCompile>
    <ClCompile Include="Src\main.c">
      <Filter>Source files</Filter>
    </ClCompile>
    <ClCompile Include="Drivers\CMSIS\Device\ST\STM32F1xx\Source\Templates\system_stm32f1xx.c">
      <Filter>Source files\Startup</Filter>
    </ClCompile>
    <ClCompile Include="Drivers\STM32F1xx_HAL_Driver\Src\stm32f1xx_hal.c">
      <Filter>Source files\STM32Cube HAL\COMMON</Filter>
    </ClCompile>
    <ClCompile Include="Drivers\STM32F1xx_HAL_Driver\Src\stm32f1xx_hal_pcd.c">
      <Filter>Source files\STM32Cube HAL\PCD</Filter>
    </ClCompile>
    <ClCompile Include="Drivers\STM32F1xx_HAL_Driver\Src\stm32f1xx_hal_pcd_ex.c">
      <Filter>Source files\STM32Cube HAL\PCD</Filter>
    </ClCompile>
    <ClCompile Include="Drivers\STM32F1xx_HAL_Driver\Src\stm32f1xx_ll_usb.c">
      <Filter>Source files\STM32Cube HAL\PCD</Filter>
    </ClCompile>
    <ClCompile Include="Drivers\STM32F1xx_HAL_Driver\Src\stm32f1xx_hal_rcc.c">
      <Filter>Source files\STM32Cube HAL\RCC</Filter>
    </ClCompile>
    <ClCompile Include="Drivers\STM32F1xx_HAL_Driver\Src\stm32f1xx_hal_rcc_ex.c">
      <Filter>Source files\STM32Cube HAL\RCC</Filter>
    </ClCompile>
    <ClCompile Include="Drivers\STM32F1xx_HAL_Driver\Src\stm32f1xx_hal_cortex.c">
      <Filter>Source files\STM32Cube HAL\CORTEX</Filter>
    </ClCompile>
    <ClCompile Include="Drivers\STM32F1xx_HAL_Driver\Src\stm32f1xx_hal_tim.c">
      <Filter>Source files\STM32Cube HAL\TIM</Filter>
    </ClCompile>
    <ClCompile Include="Drivers\STM32F1xx_HAL_Driver\Src\stm32f1xx_hal_tim_ex.c">
      <Filter>Source files\STM32Cube HAL\TIM</Filter>
    </ClCompile>
    <ClCompile Include="Drivers\STM32F1xx_HAL_Driver\Src\stm32f1xx_hal_dma.c">
      <Filter>Source files\STM32Cube HAL\DMA</Filter>
    </ClCompile>
    <ClCompile Include="Drivers\STM32F1xx_HAL_Driver\Src\stm32f1xx_hal_pwr.c">
      <Filter>Source files\STM32Cube HAL\PWR</Filter>
    </ClCompile>
    <ClCompile Include="Drivers\STM32F1xx_HAL_Driver\Src\stm32f1xx_hal_flash.c">
      <Filter>Source files\STM32Cube HAL\FLASH</Filter>
    </ClCompile>
    <ClCompile Include="Drivers\STM32F1xx_HAL_Driver\Src\stm32f1xx_hal_flash_ex.c">
      <Filter>Source files\STM32Cube HAL\FLASH</Filter>
    </ClCompile>
    <ClCompile Include="Drivers\STM32F1xx_HAL_Driver\Src\stm32f1xx_hal_gpio.c">
      <Filter>Source files\STM32Cube HAL\GPIO</Filter>
    </ClCompile>
    <ClCompile Include="Middlewares\ST\STM32_USB_Device_Library\Core\Src\usbd_core.c">
      <Filter>Source files\STM32Cube HAL\USB_DEVICE</Filter>
    </ClCompile>
    <ClCompile Include="Middlewares\ST\STM32_USB_Device_Library\Core\Src\usbd_ctlreq.c">
      <Filter>Source files\STM32Cube HAL\USB_DEVICE</Filter>
    </ClCompile>
    <ClCompile Include="Middlewares\ST\STM32_USB_Device_Library\Core\Src\usbd_ioreq.c">
      <Filter>Source files\STM32Cube HAL\USB_DEVICE</Filter>
    </ClCompile>
    <ClCompile Include="Middlewares\ST\STM32_USB_Device_Library\Class\MSC\Src\usbd_msc.c">
      <Filter>Source files\STM32Cube HAL\USB_DEVICE</Filter>
    </ClCompile>
    <ClCompile Include="Middlewares\ST\STM32_USB_Device_Library\Class\MSC\Src\usbd_msc_bot.c">
      <Filter>Source files\STM32Cube HAL\USB_DEVICE</Filter>
    </ClCompile>
    <ClCompile Include="Middlewares\ST\STM32_USB_Device_Library\Class\MSC\Src\usbd_msc_data.c">
      <Filter>Source files\STM32Cube HAL\USB_DEVICE</Filter>
    </ClCompile>
    <ClCompile Include="Middlewares\ST\STM32_USB_Device_Library\Class\MSC\Src\usbd_msc_scsi.c">
      <Filter>Source files\STM32Cube HAL\USB_DEVICE</Filter>
    </ClCompile>
    <None Include="stm32.props">
      <Filter>Source files\Device-specific files</Filter>
    </None>
    <ClCompile Include="$(BSP_ROOT)\STM32F1xxxx\StartupFiles\startup_stm32f103xb.c">
      <Filter>Source files\Device-specific files</Filter>
    </ClCompile>
    <ClInclude Include="Inc\usb_device.h">
      <Filter>Header files</Filter>
    </ClInclude>
    <ClInclude Include="Inc\usbd_conf.h">
      <Filter>Header files</Filter>
    </ClInclude>
    <ClInclude Include="Inc\usbd_desc.h">
      <Filter>Header files</Filter>
    </ClInclude>
    <ClInclude Include="Inc\usbd_storage_if.h">
      <Filter>Header files</Filter>
    </ClInclude>
    <ClInclude Include="Inc\stm32f1xx_it.h">
      <Filter>Header files</Filter>
    </ClInclude>
    <ClInclude Include="Inc\stm32f1xx_hal_conf.h">
      <Filter>Header files</Filter>
    </ClInclude>
    <ClInclude Include="Inc\main.h">
      <Filter>Header files</Filter>
    </ClInclude>
    <ClInclude Include="Drivers\CMSIS\Device\ST\STM32F1xx\Include\stm32f1xx.h">
      <Filter>Header files\Startup</Filter>
    </ClInclude>
    <ClInclude Include="Drivers\CMSIS\Device\ST\STM32F1xx\Include\system_stm32f1xx.h">
      <Filter>Header files\Startup</Filter>
    </ClInclude>
    <ClInclude Include="Drivers\STM32F1xx_HAL_Driver\Inc\stm32f1xx_hal.h">
      <Filter>Header files\STM32Cube HAL\COMMON</Filter>
    </ClInclude>
    <ClInclude Include="Drivers\STM32F1xx_HAL_Driver\Inc\Legacy\stm32_hal_legacy.h">
      <Filter>Header files\STM32Cube HAL\COMMON</Filter>
    </ClInclude>
    <ClInclude Include="Drivers\STM32F1xx_HAL_Driver\Inc\stm32f1xx_hal_def.h">
      <Filter>Header files\STM32Cube HAL\COMMON</Filter>
    </ClInclude>
    <ClInclude Include="Drivers\STM32F1xx_HAL_Driver\Inc\stm32f1xx_hal_pcd.h">
      <Filter>Header files\STM32Cube HAL\PCD</Filter>
    </ClInclude>
    <ClInclude Include="Drivers\STM32F1xx_HAL_Driver\Inc\stm32f1xx_hal_pcd_ex.h">
      <Filter>Header files\STM32Cube HAL\PCD</Filter>
    </ClInclude>
    <ClInclude Include="Drivers\STM32F1xx_HAL_Driver\Inc\stm32f1xx_ll_usb.h">
      <Filter>Header files\STM32Cube HAL\PCD</Filter>
    </ClInclude>
    <ClInclude Include="Drivers\STM32F1xx_HAL_Driver\Inc\stm32f1xx_hal_rcc.h">
      <Filter>Header files\STM32Cube HAL\RCC</Filter>
    </ClInclude>
    <ClInclude Include="Drivers\STM32F1xx_HAL_Driver\Inc\stm32f1xx_hal_rcc_ex.h">
      <Filter>Header files\STM32Cube HAL\RCC</Filter>
    </ClInclude>
    <ClInclude Include="Drivers\STM32F1xx_HAL_Driver\Inc\stm32f1xx_hal_cortex.h">
      <Filter>Header files\STM32Cube HAL\CORTEX</Filter>
    </ClInclude>
    <ClInclude Include="Drivers\STM32F1xx_HAL_Driver\Inc\stm32f1xx_hal_tim.h">
      <Filter>Header files\STM32Cube HAL\TIM</Filter>
    </ClInclude>
    <ClInclude Include="Drivers\STM32F1xx_HAL_Driver\Inc\stm32f1xx_hal_tim_ex.h">
      <Filter>Header files\STM32Cube HAL\TIM</Filter>
    </ClInclude>
    <ClInclude Include="Drivers\STM32F1xx_HAL_Driver\Inc\stm32f1xx_hal_dma_ex.h">
      <Filter>Header files\STM32Cube HAL\DMA</Filter>
    </ClInclude>
    <ClInclude Include="Drivers\STM32F1xx_HAL_Driver\Inc\stm32f1xx_hal_dma.h">
      <Filter>Header files\STM32Cube HAL\DMA</Filter>
    </ClInclude>
    <ClInclude Include="Drivers\STM32F1xx_HAL_Driver\Inc\stm32f1xx_hal_pwr.h">
      <Filter>Header files\STM32Cube HAL\PWR</Filter>
    </ClInclude>
    <ClInclude Include="Drivers\STM32F1xx_HAL_Driver\Inc\stm32f1xx_hal_flash.h">
      <Filter>Header files\STM32Cube HAL\FLASH</Filter>
    </ClInclude>
    <ClInclude Include="Drivers\STM32F1xx_HAL_Driver\Inc\stm32f1xx_hal_flash_ex.h">
      <Filter>Header files\STM32Cube HAL\FLASH</Filter>
    </ClInclude>
    <ClInclude Include="Drivers\STM32F1xx_HAL_Driver\Inc\stm32f1xx_hal_gpio.h">
      <Filter>Header files\STM32Cube HAL\GPIO</Filter>
    </ClInclude>
    <ClInclude Include="Drivers\STM32F1xx_HAL_Driver\Inc\stm32f1xx_hal_gpio_ex.h">
      <Filter>Header files\STM32Cube HAL\GPIO</Filter>
    </ClInclude>
    <ClCompile Include="Drivers\STM32F1xx_HAL_Driver\Src\stm32f1xx_hal_gpio_ex.c">
      <Filter>Header files\STM32Cube HAL\GPIO</Filter>
    </ClCompile>
    <ClInclude Include="Middlewares\ST\STM32_USB_Device_Library\Core\Inc\usbd_core.h">
      <Filter>Header files\STM32Cube HAL\USB_DEVICE</Filter>
    </ClInclude>
    <ClInclude Include="Middlewares\ST\STM32_USB_Device_Library\Core\Inc\usbd_ctlreq.h">
      <Filter>Header files\STM32Cube HAL\USB_DEVICE</Filter>
    </ClInclude>
    <ClInclude Include="Middlewares\ST\STM32_USB_Device_Library\Core\Inc\usbd_def.h">
      <Filter>Header files\STM32Cube HAL\USB_DEVICE</Filter>
    </ClInclude>
    <ClInclude Include="Middlewares\ST\STM32_USB_Device_Library\Core\Inc\usbd_ioreq.h">
      <Filter>Header files\STM32Cube HAL\USB_DEVICE</Filter>
    </ClInclude>
    <ClInclude Include="Middlewares\ST\STM32_USB_Device_Library\Class\MSC\Inc\usbd_msc.h">
      <Filter>Header files\STM32Cube HAL\USB_DEVICE</Filter>
    </ClInclude>
    <ClInclude Include="Middlewares\ST\STM32_USB_Device_Library\Class\MSC\Inc\usbd_msc_bot.h">
      <Filter>Header files\STM32Cube HAL\USB_DEVICE</Filter>
    </ClInclude>
    <ClInclude Include="Middlewares\ST\STM32_USB_Device_Library\Class\MSC\Inc\usbd_msc_data.h">
      <Filter>Header files\STM32Cube HAL\USB_DEVICE</Filter>
    </ClInclude>
    <ClInclude Include="Middlewares\ST\STM32_USB_Device_Library\Class\MSC\Inc\usbd_msc_scsi.h">
      <Filter>Header files\STM32Cube HAL\USB_DEVICE</Filter>
    </ClInclude>
    <None Include="stm32f103_usb_mass_storage-Debug.vgdbsettings">
      <Filter>VisualGDB settings</Filter>
    </None>
    <None Include="stm32f103_usb_mass_storage-Release.vgdbsettings">
      <Filter>VisualGDB settings</Filter>
    </None>
    <None Include="stm32.xml">
      <Filter>VisualGDB settings</Filter>
    </None>
    <ClCompile Include="ramdisk.c">
      <Filter>Source files</Filter>
    </ClCompile>
    <ClCompile Include="..\..\..\..\..\Program Files (x86)\SEGGER\JLink\Samples\RTT\SEGGER_RTT_V646\RTT\SEGGER_RTT.c">
      <Filter>Source files\rtt</Filter>
    </ClCompile>
    <ClCompile Include="..\..\..\..\..\Program Files (x86)\SEGGER\JLink\Samples\RTT\SEGGER_RTT_V646\RTT\SEGGER_RTT_printf.c">
      <Filter>Source files\rtt</Filter>
    </ClCompile>
    <ClCompile Include="disk.c">
      <Filter>Source files</Filter>
    </ClCompile>
  </ItemGroup>
  <ItemGroup>
    <ClInclude Include="flashpages.h">
      <Filter>Header files</Filter>
    </ClInclude>
    <ClInclude Include="ramdisk.h">
      <Filter>Header files</Filter>
    </ClInclude>
    <ClInclude Include="LOG.h">
      <Filter>Header files</Filter>
    </ClInclude>
    <ClInclude Include="..\..\..\..\..\Program Files (x86)\SEGGER\JLink\Samples\RTT\SEGGER_RTT_V646\RTT\SEGGER_RTT.h">
      <Filter>Header files\rtt</Filter>
    </ClInclude>
    <ClInclude Include="..\..\..\..\..\Program Files (x86)\SEGGER\JLink\Samples\RTT\SEGGER_RTT_V646\RTT\SEGGER_RTT_Conf.h">
      <Filter>Header files\rtt</Filter>
    </ClInclude>
    <ClInclude Include="disk.h">
      <Filter>Header files</Filter>
    </ClInclude>
    <ClInclude Include="types_shortcuts.h">
      <Filter>Header files</Filter>
    </ClInclude>
  </ItemGroup>
  <ItemGroup>
    <LinkerScript Include="STM32F103C8_flash.lds">
      <Filter>Source files</Filter>
    </LinkerScript>
  </ItemGroup>
</Project>